
Microsoft Visual Studio Solution File, Format Version 12.00
# Visual Studio Version 17
VisualStudioVersion = 17.0.31919.166
MinimumVisualStudioVersion = 10.0.40219.1
Project("{FAE04EC0-301F-11D3-BF4B-00C04F79EFBC}") = "IO", "IO.csproj", "{BAB3CF6A-A350-42D0-8D77-8F47966BE012}"
EndProject
Global
	GlobalSection(SolutionConfigurationPlatforms) = preSolution
		Debug|Any CPU = Debug|Any CPU
		Release|Any CPU = Release|Any CPU
	EndGlobalSection
	GlobalSection(ProjectConfigurationPlatforms) = postSolution
		{BAB3CF6A-A350-42D0-8D77-8F47966BE012}.Debug|Any CPU.ActiveCfg = Debug|Any CPU
		{BAB3CF6A-A350-42D0-8D77-8F47966BE012}.Debug|Any CPU.Build.0 = Debug|Any CPU
		{BAB3CF6A-A350-42D0-8D77-8F47966BE012}.Release|Any CPU.ActiveCfg = Release|Any CPU
		{BAB3CF6A-A350-42D0-8D77-8F47966BE012}.Release|Any CPU.Build.0 = Release|Any CPU
	EndGlobalSection
	GlobalSection(SolutionProperties) = preSolution
		HideSolutionNode = FALSE
	EndGlobalSection
	GlobalSection(ExtensibilityGlobals) = postSolution
		SolutionGuid = {6936F9AA-9E6F-4224-A782-5A4F0B17A2BA}
	EndGlobalSection
EndGlobal
