
Microsoft Visual Studio Solution File, Format Version 12.00
# Visual Studio Version 17
VisualStudioVersion = 17.0.31919.166
MinimumVisualStudioVersion = 10.0.40219.1
Project("{FAE04EC0-301F-11D3-BF4B-00C04F79EFBC}") = "stream control", "stream control.csproj", "{33C1FDDC-A4BB-4140-84A4-07FE7E1B496B}"
EndProject
Global
	GlobalSection(SolutionConfigurationPlatforms) = preSolution
		Debug|Any CPU = Debug|Any CPU
		Release|Any CPU = Release|Any CPU
	EndGlobalSection
	GlobalSection(ProjectConfigurationPlatforms) = postSolution
		{33C1FDDC-A4BB-4140-84A4-07FE7E1B496B}.Debug|Any CPU.ActiveCfg = Debug|Any CPU
		{33C1FDDC-A4BB-4140-84A4-07FE7E1B496B}.Debug|Any CPU.Build.0 = Debug|Any CPU
		{33C1FDDC-A4BB-4140-84A4-07FE7E1B496B}.Release|Any CPU.ActiveCfg = Release|Any CPU
		{33C1FDDC-A4BB-4140-84A4-07FE7E1B496B}.Release|Any CPU.Build.0 = Release|Any CPU
	EndGlobalSection
	GlobalSection(SolutionProperties) = preSolution
		HideSolutionNode = FALSE
	EndGlobalSection
	GlobalSection(ExtensibilityGlobals) = postSolution
		SolutionGuid = {01BD1BF9-2E74-4C9F-AED7-F463552FD927}
	EndGlobalSection
EndGlobal
