
Microsoft Visual Studio Solution File, Format Version 12.00
# Visual Studio Version 17
VisualStudioVersion = 17.0.31919.166
MinimumVisualStudioVersion = 10.0.40219.1
Project("{FAE04EC0-301F-11D3-BF4B-00C04F79EFBC}") = "Stack", "Stack.csproj", "{FD5A025D-6272-4295-AA22-E819EBC885AF}"
EndProject
Global
	GlobalSection(SolutionConfigurationPlatforms) = preSolution
		Debug|Any CPU = Debug|Any CPU
		Release|Any CPU = Release|Any CPU
	EndGlobalSection
	GlobalSection(ProjectConfigurationPlatforms) = postSolution
		{FD5A025D-6272-4295-AA22-E819EBC885AF}.Debug|Any CPU.ActiveCfg = Debug|Any CPU
		{FD5A025D-6272-4295-AA22-E819EBC885AF}.Debug|Any CPU.Build.0 = Debug|Any CPU
		{FD5A025D-6272-4295-AA22-E819EBC885AF}.Release|Any CPU.ActiveCfg = Release|Any CPU
		{FD5A025D-6272-4295-AA22-E819EBC885AF}.Release|Any CPU.Build.0 = Release|Any CPU
	EndGlobalSection
	GlobalSection(SolutionProperties) = preSolution
		HideSolutionNode = FALSE
	EndGlobalSection
	GlobalSection(ExtensibilityGlobals) = postSolution
		SolutionGuid = {FCEE838A-F950-48B7-BE70-821E58A08B7A}
	EndGlobalSection
EndGlobal
