
Microsoft Visual Studio Solution File, Format Version 12.00
# Visual Studio Version 17
VisualStudioVersion = 17.0.31919.166
MinimumVisualStudioVersion = 10.0.40219.1
Project("{FAE04EC0-301F-11D3-BF4B-00C04F79EFBC}") = "string learning", "string learning.csproj", "{6A6E121D-FC7D-44C7-9667-13AA353FF7EE}"
EndProject
Global
	GlobalSection(SolutionConfigurationPlatforms) = preSolution
		Debug|Any CPU = Debug|Any CPU
		Release|Any CPU = Release|Any CPU
	EndGlobalSection
	GlobalSection(ProjectConfigurationPlatforms) = postSolution
		{6A6E121D-FC7D-44C7-9667-13AA353FF7EE}.Debug|Any CPU.ActiveCfg = Debug|Any CPU
		{6A6E121D-FC7D-44C7-9667-13AA353FF7EE}.Debug|Any CPU.Build.0 = Debug|Any CPU
		{6A6E121D-FC7D-44C7-9667-13AA353FF7EE}.Release|Any CPU.ActiveCfg = Release|Any CPU
		{6A6E121D-FC7D-44C7-9667-13AA353FF7EE}.Release|Any CPU.Build.0 = Release|Any CPU
	EndGlobalSection
	GlobalSection(SolutionProperties) = preSolution
		HideSolutionNode = FALSE
	EndGlobalSection
	GlobalSection(ExtensibilityGlobals) = postSolution
		SolutionGuid = {22AD07C8-4F3C-4EA8-A948-87027520A78D}
	EndGlobalSection
EndGlobal
